
Microsoft Visual Studio Solution File, Format Version 12.00
# Visual Studio Version 17
VisualStudioVersion = 17.9.34728.123
MinimumVisualStudioVersion = 10.0.40219.1
Project("{9A19103F-16F7-4668-BE54-9A1E7A4F7556}") = "DentistBooking", "DentistBooking\DentistBooking.csproj", "{F3E1CFC8-CE4F-4474-B669-F29DB7F52E20}"
EndProject
Project("{9A19103F-16F7-4668-BE54-9A1E7A4F7556}") = "Service", "Service\Service.csproj", "{3F601383-8D16-49A7-ABD6-55341648A173}"
EndProject
Project("{9A19103F-16F7-4668-BE54-9A1E7A4F7556}") = "Repository", "Repository\Repository.csproj", "{5521587E-8D87-4606-84EC-E8195D17714F}"
EndProject
Project("{9A19103F-16F7-4668-BE54-9A1E7A4F7556}") = "DataAccess", "DataAccess\DataAccess.csproj", "{006DFA0D-9E8E-4670-A99B-B78020B13B62}"
EndProject
Project("{9A19103F-16F7-4668-BE54-9A1E7A4F7556}") = "BusinessObject", "BusinessObject\BusinessObject.csproj", "{48FD0A1A-E8A0-4B92-A504-6F803E6B39FE}"
EndProject
Global
	GlobalSection(SolutionConfigurationPlatforms) = preSolution
		Debug|Any CPU = Debug|Any CPU
		Release|Any CPU = Release|Any CPU
	EndGlobalSection
	GlobalSection(ProjectConfigurationPlatforms) = postSolution
		{F3E1CFC8-CE4F-4474-B669-F29DB7F52E20}.Debug|Any CPU.ActiveCfg = Debug|Any CPU
		{F3E1CFC8-CE4F-4474-B669-F29DB7F52E20}.Debug|Any CPU.Build.0 = Debug|Any CPU
		{F3E1CFC8-CE4F-4474-B669-F29DB7F52E20}.Release|Any CPU.ActiveCfg = Release|Any CPU
		{F3E1CFC8-CE4F-4474-B669-F29DB7F52E20}.Release|Any CPU.Build.0 = Release|Any CPU
		{3F601383-8D16-49A7-ABD6-55341648A173}.Debug|Any CPU.ActiveCfg = Debug|Any CPU
		{3F601383-8D16-49A7-ABD6-55341648A173}.Debug|Any CPU.Build.0 = Debug|Any CPU
		{3F601383-8D16-49A7-ABD6-55341648A173}.Release|Any CPU.ActiveCfg = Release|Any CPU
		{3F601383-8D16-49A7-ABD6-55341648A173}.Release|Any CPU.Build.0 = Release|Any CPU
		{5521587E-8D87-4606-84EC-E8195D17714F}.Debug|Any CPU.ActiveCfg = Debug|Any CPU
		{5521587E-8D87-4606-84EC-E8195D17714F}.Debug|Any CPU.Build.0 = Debug|Any CPU
		{5521587E-8D87-4606-84EC-E8195D17714F}.Release|Any CPU.ActiveCfg = Release|Any CPU
		{5521587E-8D87-4606-84EC-E8195D17714F}.Release|Any CPU.Build.0 = Release|Any CPU
		{006DFA0D-9E8E-4670-A99B-B78020B13B62}.Debug|Any CPU.ActiveCfg = Debug|Any CPU
		{006DFA0D-9E8E-4670-A99B-B78020B13B62}.Debug|Any CPU.Build.0 = Debug|Any CPU
		{006DFA0D-9E8E-4670-A99B-B78020B13B62}.Release|Any CPU.ActiveCfg = Release|Any CPU
		{006DFA0D-9E8E-4670-A99B-B78020B13B62}.Release|Any CPU.Build.0 = Release|Any CPU
		{48FD0A1A-E8A0-4B92-A504-6F803E6B39FE}.Debug|Any CPU.ActiveCfg = Debug|Any CPU
		{48FD0A1A-E8A0-4B92-A504-6F803E6B39FE}.Debug|Any CPU.Build.0 = Debug|Any CPU
		{48FD0A1A-E8A0-4B92-A504-6F803E6B39FE}.Release|Any CPU.ActiveCfg = Release|Any CPU
		{48FD0A1A-E8A0-4B92-A504-6F803E6B39FE}.Release|Any CPU.Build.0 = Release|Any CPU
	EndGlobalSection
	GlobalSection(SolutionProperties) = preSolution
		HideSolutionNode = FALSE
	EndGlobalSection
	GlobalSection(ExtensibilityGlobals) = postSolution
		SolutionGuid = {ED3FA531-9073-423A-9EE6-A18E6094695A}
	EndGlobalSection
EndGlobal
